github.com/douglasmakey/golang-algorithms- v0.0.0-20180429234644-0a5ef73a9fd5 h1:ae3ZNa8+Q3WVR6I/BdB+AatZrnZZpnyl6ZOWDmh96Jw=
github.com/douglasmakey/golang-algorithms- v0.0.0-20180429234644-0a5ef73a9fd5/go.mod h1:DUocdLj6AeO5RUfLT9JPVhanSEihgqlwSlIfcEloUqY=
github.com/tjgurwara99/Go v0.0.0-20210218104922-4af3545a3a01 h1:QCMmnUZiaT3htw65WDmF5CggO9Su9YJwJZr/WxmbHno=
github.com/tjgurwara99/Go v0.0.0-20210218104922-4af3545a3a01/go.mod h1:SxUT1oAZZ4rb5rV/j1zBfB9jGt6QqfF9qBog1gxvlvI=
